// !$*UTF8*$!
{
	archiveVersion = 1;
	classes = {
	};
	objectVersion = 48;
	objects = {

/* Begin PBXBuildFile section */
		25AF451B1FC341C1006A859D /* AppDelegate.swift in Sources */ = {isa = PBXBuildFile; fileRef = 25AF451A1FC341C1006A859D /* AppDelegate.swift */; };
		25AF451D1FC341C1006A859D /* ViewController.swift in Sources */ = {isa = PBXBuildFile; fileRef = 25AF451C1FC341C1006A859D /* ViewController.swift */; };
		25AF45201FC341C1006A859D /* Main.storyboard in Resources */ = {isa = PBXBuildFile; fileRef = 25AF451E1FC341C1006A859D /* Main.storyboard */; };
		25AF45221FC341C1006A859D /* Assets.xcassets in Resources */ = {isa = PBXBuildFile; fileRef = 25AF45211FC341C1006A859D /* Assets.xcassets */; };
		25AF45251FC341C1006A859D /* LaunchScreen.storyboard in Resources */ = {isa = PBXBuildFile; fileRef = 25AF45231FC341C1006A859D /* LaunchScreen.storyboard */; };
		25AF45301FC341C1006A859D /* WorkoutNotebookTests.swift in Sources */ = {isa = PBXBuildFile; fileRef = 25AF452F1FC341C1006A859D /* WorkoutNotebookTests.swift */; };
		25AF453B1FC341C1006A859D /* WorkoutNotebookUITests.swift in Sources */ = {isa = PBXBuildFile; fileRef = 25AF453A1FC341C1006A859D /* WorkoutNotebookUITests.swift */; };
/* End PBXBuildFile section */

/* Begin PBXContainerItemProxy section */
		25AF452C1FC341C1006A859D /* PBXContainerItemProxy */ = {
			isa = PBXContainerItemProxy;
			containerPortal = 25AF450F1FC341C1006A859D /* Project object */;
			proxyType = 1;
			remoteGlobalIDString = 25AF45161FC341C1006A859D;
			remoteInfo = WorkoutNotebook;
		};
		25AF45371FC341C1006A859D /* PBXContainerItemProxy */ = {
			isa = PBXContainerItemProxy;
			containerPortal = 25AF450F1FC341C1006A859D /* Project object */;
			proxyType = 1;
			remoteGlobalIDString = 25AF45161FC341C1006A859D;
			remoteInfo = WorkoutNotebook;
		};
/* End PBXContainerItemProxy section */

/* Begin PBXFileReference section */
		25AF45171FC341C1006A859D /* WorkoutNotebook.app */ = {isa = PBXFileReference; explicitFileType = wrapper.application; includeInIndex = 0; path = WorkoutNotebook.app; sourceTree = BUILT_PRODUCTS_DIR; };
		25AF451A1FC341C1006A859D /* AppDelegate.swift */ = {isa = PBXFileReference; lastKnownFileType = sourcecode.swift; path = AppDelegate.swift; sourceTree = "<group>"; };
		25AF451C1FC341C1006A859D /* ViewController.swift */ = {isa = PBXFileReference; lastKnownFileType = sourcecode.swift; path = ViewController.swift; sourceTree = "<group>"; };
		25AF451F1FC341C1006A859D /* Base */ = {isa = PBXFileReference; lastKnownFileType = file.storyboard; name = Base; path = Base.lproj/Main.storyboard; sourceTree = "<group>"; };
		25AF45211FC341C1006A859D /* Assets.xcassets */ = {isa = PBXFileReference; lastKnownFileType = folder.assetcatalog; path = Assets.xcassets; sourceTree = "<group>"; };
		25AF45241FC341C1006A859D /* Base */ = {isa = PBXFileReference; lastKnownFileType = file.storyboard; name = Base; path = Base.lproj/LaunchScreen.storyboard; sourceTree = "<group>"; };
		25AF45261FC341C1006A859D /* Info.plist */ = {isa = PBXFileReference; lastKnownFileType = text.plist.xml; path = Info.plist; sourceTree = "<group>"; };
		25AF452B1FC341C1006A859D /* WorkoutNotebookTests.xctest */ = {isa = PBXFileReference; explicitFileType = wrapper.cfbundle; includeInIndex = 0; path = WorkoutNotebookTests.xctest; sourceTree = BUILT_PRODUCTS_DIR; };
		25AF452F1FC341C1006A859D /* WorkoutNotebookTests.swift */ = {isa = PBXFileReference; lastKnownFileType = sourcecode.swift; path = WorkoutNotebookTests.swift; sourceTree = "<group>"; };
		25AF45311FC341C1006A859D /* Info.plist */ = {isa = PBXFileReference; lastKnownFileType = text.plist.xml; path = Info.plist; sourceTree = "<group>"; };
		25AF45361FC341C1006A859D /* WorkoutNotebookUITests.xctest */ = {isa = PBXFileReference; explicitFileType = wrapper.cfbundle; includeInIndex = 0; path = WorkoutNotebookUITests.xctest; sourceTree = BUILT_PRODUCTS_DIR; };
		25AF453A1FC341C1006A859D /* WorkoutNotebookUITests.swift */ = {isa = PBXFileReference; lastKnownFileType = sourcecode.swift; path = WorkoutNotebookUITests.swift; sourceTree = "<group>"; };
		25AF453C1FC341C1006A859D /* Info.plist */ = {isa = PBXFileReference; lastKnownFileType = text.plist.xml; path = Info.plist; sourceTree = "<group>"; };
/* End PBXFileReference section */

/* Begin PBXFrameworksBuildPhase section */
		25AF45141FC341C1006A859D /* Frameworks */ = {
			isa = PBXFrameworksBuildPhase;
			buildActionMask = 2147483647;
			files = (
			);
			runOnlyForDeploymentPostprocessing = 0;
		};
		25AF45281FC341C1006A859D /* Frameworks */ = {
			isa = PBXFrameworksBuildPhase;
			buildActionMask = 2147483647;
			files = (
			);
			runOnlyForDeploymentPostprocessing = 0;
		};
		25AF45331FC341C1006A859D /* Frameworks */ = {
			isa = PBXFrameworksBuildPhase;
			buildActionMask = 2147483647;
			files = (
			);
			runOnlyForDeploymentPostprocessing = 0;
		};
/* End PBXFrameworksBuildPhase section */

/* Begin PBXGroup section */
		25AF450E1FC341C1006A859D = {
			isa = PBXGroup;
			children = (
				25AF45191FC341C1006A859D /* WorkoutNotebook */,
				25AF452E1FC341C1006A859D /* WorkoutNotebookTests */,
				25AF45391FC341C1006A859D /* WorkoutNotebookUITests */,
				25AF45181FC341C1006A859D /* Products */,
			);
			sourceTree = "<group>";
		};
		25AF45181FC341C1006A859D /* Products */ = {
			isa = PBXGroup;
			children = (
				25AF45171FC341C1006A859D /* WorkoutNotebook.app */,
				25AF452B1FC341C1006A859D /* WorkoutNotebookTests.xctest */,
				25AF45361FC341C1006A859D /* WorkoutNotebookUITests.xctest */,
			);
			name = Products;
			sourceTree = "<group>";
		};
		25AF45191FC341C1006A859D /* WorkoutNotebook */ = {
			isa = PBXGroup;
			children = (
				25AF451A1FC341C1006A859D /* AppDelegate.swift */,
				25AF451C1FC341C1006A859D /* ViewController.swift */,
				25AF451E1FC341C1006A859D /* Main.storyboard */,
				25AF45211FC341C1006A859D /* Assets.xcassets */,
				25AF45231FC341C1006A859D /* LaunchScreen.storyboard */,
				25AF45261FC341C1006A859D /* Info.plist */,
			);
			path = WorkoutNotebook;
			sourceTree = "<group>";
		};
		25AF452E1FC341C1006A859D /* WorkoutNotebookTests */ = {
			isa = PBXGroup;
			children = (
				25AF452F1FC341C1006A859D /* WorkoutNotebookTests.swift */,
				25AF45311FC341C1006A859D /* Info.plist */,
			);
			path = WorkoutNotebookTests;
			sourceTree = "<group>";
		};
		25AF45391FC341C1006A859D /* WorkoutNotebookUITests */ = {
			isa = PBXGroup;
			children = (
				25AF453A1FC341C1006A859D /* WorkoutNotebookUITests.swift */,
				25AF453C1FC341C1006A859D /* Info.plist */,
			);
			path = WorkoutNotebookUITests;
			sourceTree = "<group>";
		};
/* End PBXGroup section */

/* Begin PBXNativeTarget section */
		25AF45161FC341C1006A859D /* WorkoutNotebook */ = {
			isa = PBXNativeTarget;
			buildConfigurationList = 25AF453F1FC341C1006A859D /* Build configuration list for PBXNativeTarget "WorkoutNotebook" */;
			buildPhases = (
				25AF45131FC341C1006A859D /* Sources */,
				25AF45141FC341C1006A859D /* Frameworks */,
				25AF45151FC341C1006A859D /* Resources */,
			);
			buildRules = (
			);
			dependencies = (
			);
			name = WorkoutNotebook;
			productName = WorkoutNotebook;
			productReference = 25AF45171FC341C1006A859D /* WorkoutNotebook.app */;
			productType = "com.apple.product-type.application";
		};
		25AF452A1FC341C1006A859D /* WorkoutNotebookTests */ = {
			isa = PBXNativeTarget;
			buildConfigurationList = 25AF45421FC341C1006A859D /* Build configuration list for PBXNativeTarget "WorkoutNotebookTests" */;
			buildPhases = (
				25AF45271FC341C1006A859D /* Sources */,
				25AF45281FC341C1006A859D /* Frameworks */,
				25AF45291FC341C1006A859D /* Resources */,
			);
			buildRules = (
			);
			dependencies = (
				25AF452D1FC341C1006A859D /* PBXTargetDependency */,
			);
			name = WorkoutNotebookTests;
			productName = WorkoutNotebookTests;
			productReference = 25AF452B1FC341C1006A859D /* WorkoutNotebookTests.xctest */;
			productType = "com.apple.product-type.bundle.unit-test";
		};
		25AF45351FC341C1006A859D /* WorkoutNotebookUITests */ = {
			isa = PBXNativeTarget;
			buildConfigurationList = 25AF45451FC341C1006A859D /* Build configuration list for PBXNativeTarget "WorkoutNotebookUITests" */;
			buildPhases = (
				25AF45321FC341C1006A859D /* Sources */,
				25AF45331FC341C1006A859D /* Frameworks */,
				25AF45341FC341C1006A859D /* Resources */,
			);
			buildRules = (
			);
			dependencies = (
				25AF45381FC341C1006A859D /* PBXTargetDependency */,
			);
			name = WorkoutNotebookUITests;
			productName = WorkoutNotebookUITests;
			productReference = 25AF45361FC341C1006A859D /* WorkoutNotebookUITests.xctest */;
			productType = "com.apple.product-type.bundle.ui-testing";
		};
/* End PBXNativeTarget section */

/* Begin PBXProject section */
		25AF450F1FC341C1006A859D /* Project object */ = {
			isa = PBXProject;
			attributes = {
				LastSwiftUpdateCheck = 0910;
				LastUpgradeCheck = 0910;
				ORGANIZATIONNAME = "Brew Ops";
				TargetAttributes = {
					25AF45161FC341C1006A859D = {
						CreatedOnToolsVersion = 9.1;
						ProvisioningStyle = Automatic;
					};
					25AF452A1FC341C1006A859D = {
						CreatedOnToolsVersion = 9.1;
						ProvisioningStyle = Automatic;
						TestTargetID = 25AF45161FC341C1006A859D;
					};
					25AF45351FC341C1006A859D = {
						CreatedOnToolsVersion = 9.1;
						ProvisioningStyle = Automatic;
						TestTargetID = 25AF45161FC341C1006A859D;
					};
				};
			};
			buildConfigurationList = 25AF45121FC341C1006A859D /* Build configuration list for PBXProject "WorkoutNotebook" */;
			compatibilityVersion = "Xcode 8.0";
			developmentRegion = en;
			hasScannedForEncodings = 0;
			knownRegions = (
				en,
				Base,
			);
			mainGroup = 25AF450E1FC341C1006A859D;
			productRefGroup = 25AF45181FC341C1006A859D /* Products */;
			projectDirPath = "";
			projectRoot = "";
			targets = (
				25AF45161FC341C1006A859D /* WorkoutNotebook */,
				25AF452A1FC341C1006A859D /* WorkoutNotebookTests */,
				25AF45351FC341C1006A859D /* WorkoutNotebookUITests */,
			);
		};
/* End PBXProject section */

/* Begin PBXResourcesBuildPhase section */
		25AF45151FC341C1006A859D /* Resources */ = {
			isa = PBXResourcesBuildPhase;
			buildActionMask = 2147483647;
			files = (
				25AF45251FC341C1006A859D /* LaunchScreen.storyboard in Resources */,
				25AF45221FC341C1006A859D /* Assets.xcassets in Resources */,
				25AF45201FC341C1006A859D /* Main.storyboard in Resources */,
			);
			runOnlyForDeploymentPostprocessing = 0;
		};
		25AF45291FC341C1006A859D /* Resources */ = {
			isa = PBXResourcesBuildPhase;
			buildActionMask = 2147483647;
			files = (
			);
			runOnlyForDeploymentPostprocessing = 0;
		};
		25AF45341FC341C1006A859D /* Resources */ = {
			isa = PBXResourcesBuildPhase;
			buildActionMask = 2147483647;
			files = (
			);
			runOnlyForDeploymentPostprocessing = 0;
		};
/* End PBXResourcesBuildPhase section */

/* Begin PBXSourcesBuildPhase section */
		25AF45131FC341C1006A859D /* Sources */ = {
			isa = PBXSourcesBuildPhase;
			buildActionMask = 2147483647;
			files = (
				25AF451D1FC341C1006A859D /* ViewController.swift in Sources */,
				25AF451B1FC341C1006A859D /* AppDelegate.swift in Sources */,
			);
			runOnlyForDeploymentPostprocessing = 0;
		};
		25AF45271FC341C1006A859D /* Sources */ = {
			isa = PBXSourcesBuildPhase;
			buildActionMask = 2147483647;
			files = (
				25AF45301FC341C1006A859D /* WorkoutNotebookTests.swift in Sources */,
			);
			runOnlyForDeploymentPostprocessing = 0;
		};
		25AF45321FC341C1006A859D /* Sources */ = {
			isa = PBXSourcesBuildPhase;
			buildActionMask = 2147483647;
			files = (
				25AF453B1FC341C1006A859D /* WorkoutNotebookUITests.swift in Sources */,
			);
			runOnlyForDeploymentPostprocessing = 0;
		};
/* End PBXSourcesBuildPhase section */

/* Begin PBXTargetDependency section */
		25AF452D1FC341C1006A859D /* PBXTargetDependency */ = {
			isa = PBXTargetDependency;
			target = 25AF45161FC341C1006A859D /* WorkoutNotebook */;
			targetProxy = 25AF452C1FC341C1006A859D /* PBXContainerItemProxy */;
		};
		25AF45381FC341C1006A859D /* PBXTargetDependency */ = {
			isa = PBXTargetDependency;
			target = 25AF45161FC341C1006A859D /* WorkoutNotebook */;
			targetProxy = 25AF45371FC341C1006A859D /* PBXContainerItemProxy */;
		};
/* End PBXTargetDependency section */

/* Begin PBXVariantGroup section */
		25AF451E1FC341C1006A859D /* Main.storyboard */ = {
			isa = PBXVariantGroup;
			children = (
				25AF451F1FC341C1006A859D /* Base */,
			);
			name = Main.storyboard;
			sourceTree = "<group>";
		};
		25AF45231FC341C1006A859D /* LaunchScreen.storyboard */ = {
			isa = PBXVariantGroup;
			children = (
				25AF45241FC341C1006A859D /* Base */,
			);
			name = LaunchScreen.storyboard;
			sourceTree = "<group>";
		};
/* End PBXVariantGroup section */

/* Begin XCBuildConfiguration section */
		25AF453D1FC341C1006A859D /* Debug */ = {
			isa = XCBuildConfiguration;
			buildSettings = {
				ALWAYS_SEARCH_USER_PATHS = NO;
				CLANG_ANALYZER_NONNULL = YES;
				CLANG_ANALYZER_NUMBER_OBJECT_CONVERSION = YES_AGGRESSIVE;
				CLANG_CXX_LANGUAGE_STANDARD = "gnu++14";
				CLANG_CXX_LIBRARY = "libc++";
				CLANG_ENABLE_MODULES = YES;
				CLANG_ENABLE_OBJC_ARC = YES;
				CLANG_WARN_BLOCK_CAPTURE_AUTORELEASING = YES;
				CLANG_WARN_BOOL_CONVERSION = YES;
				CLANG_WARN_COMMA = YES;
				CLANG_WARN_CONSTANT_CONVERSION = YES;
				CLANG_WARN_DIRECT_OBJC_ISA_USAGE = YES_ERROR;
				CLANG_WARN_DOCUMENTATION_COMMENTS = YES;
				CLANG_WARN_EMPTY_BODY = YES;
				CLANG_WARN_ENUM_CONVERSION = YES;
				CLANG_WARN_INFINITE_RECURSION = YES;
				CLANG_WARN_INT_CONVERSION = YES;
				CLANG_WARN_NON_LITERAL_NULL_CONVERSION = YES;
				CLANG_WARN_OBJC_LITERAL_CONVERSION = YES;
				CLANG_WARN_OBJC_ROOT_CLASS = YES_ERROR;
				CLANG_WARN_RANGE_LOOP_ANALYSIS = YES;
				CLANG_WARN_STRICT_PROTOTYPES = YES;
				CLANG_WARN_SUSPICIOUS_MOVE = YES;
				CLANG_WARN_UNGUARDED_AVAILABILITY = YES_AGGRESSIVE;
				CLANG_WARN_UNREACHABLE_CODE = YES;
				CLANG_WARN__DUPLICATE_METHOD_MATCH = YES;
				CODE_SIGN_IDENTITY = "iPhone Developer";
				COPY_PHASE_STRIP = NO;
				DEBUG_INFORMATION_FORMAT = dwarf;
				ENABLE_STRICT_OBJC_MSGSEND = YES;
				ENABLE_TESTABILITY = YES;
				GCC_C_LANGUAGE_STANDARD = gnu11;
				GCC_DYNAMIC_NO_PIC = NO;
				GCC_NO_COMMON_BLOCKS = YES;
				GCC_OPTIMIZATION_LEVEL = 0;
				GCC_PREPROCESSOR_DEFINITIONS = (
					"DEBUG=1",
					"$(inherited)",
				);
				GCC_WARN_64_TO_32_BIT_CONVERSION = YES;
				GCC_WARN_ABOUT_RETURN_TYPE = YES_ERROR;
				GCC_WARN_UNDECLARED_SELECTOR = YES;
				GCC_WARN_UNINITIALIZED_AUTOS = YES_AGGRESSIVE;
				GCC_WARN_UNUSED_FUNCTION = YES;
				GCC_WARN_UNUSED_VARIABLE = YES;
				IPHONEOS_DEPLOYMENT_TARGET = 11.1;
				MTL_ENABLE_DEBUG_INFO = YES;
				ONLY_ACTIVE_ARCH = YES;
				SDKROOT = iphoneos;
				SWIFT_ACTIVE_COMPILATION_CONDITIONS = DEBUG;
				SWIFT_OPTIMIZATION_LEVEL = "-Onone";
			};
			name = Debug;
		};
		25AF453E1FC341C1006A859D /* Release */ = {
			isa = XCBuildConfiguration;
			buildSettings = {
				ALWAYS_SEARCH_USER_PATHS = NO;
				CLANG_ANALYZER_NONNULL = YES;
				CLANG_ANALYZER_NUMBER_OBJECT_CONVERSION = YES_AGGRESSIVE;
				CLANG_CXX_LANGUAGE_STANDARD = "gnu++14";
				CLANG_CXX_LIBRARY = "libc++";
				CLANG_ENABLE_MODULES = YES;
				CLANG_ENABLE_OBJC_ARC = YES;
				CLANG_WARN_BLOCK_CAPTURE_AUTORELEASING = YES;
				CLANG_WARN_BOOL_CONVERSION = YES;
				CLANG_WARN_COMMA = YES;
				CLANG_WARN_CONSTANT_CONVERSION = YES;
				CLANG_WARN_DIRECT_OBJC_ISA_USAGE = YES_ERROR;
				CLANG_WARN_DOCUMENTATION_COMMENTS = YES;
				CLANG_WARN_EMPTY_BODY = YES;
				CLANG_WARN_ENUM_CONVERSION = YES;
				CLANG_WARN_INFINITE_RECURSION = YES;
				CLANG_WARN_INT_CONVERSION = YES;
				CLANG_WARN_NON_LITERAL_NULL_CONVERSION = YES;
				CLANG_WARN_OBJC_LITERAL_CONVERSION = YES;
				CLANG_WARN_OBJC_ROOT_CLASS = YES_ERROR;
				CLANG_WARN_RANGE_LOOP_ANALYSIS = YES;
				CLANG_WARN_STRICT_PROTOTYPES = YES;
				CLANG_WARN_SUSPICIOUS_MOVE = YES;
				CLANG_WARN_UNGUARDED_AVAILABILITY = YES_AGGRESSIVE;
				CLANG_WARN_UNREACHABLE_CODE = YES;
				CLANG_WARN__DUPLICATE_METHOD_MATCH = YES;
				CODE_SIGN_IDENTITY = "iPhone Developer";
				COPY_PHASE_STRIP = NO;
				DEBUG_INFORMATION_FORMAT = "dwarf-with-dsym";
				ENABLE_NS_ASSERTIONS = NO;
				ENABLE_STRICT_OBJC_MSGSEND = YES;
				GCC_C_LANGUAGE_STANDARD = gnu11;
				GCC_NO_COMMON_BLOCKS = YES;
				GCC_WARN_64_TO_32_BIT_CONVERSION = YES;
				GCC_WARN_ABOUT_RETURN_TYPE = YES_ERROR;
				GCC_WARN_UNDECLARED_SELECTOR = YES;
				GCC_WARN_UNINITIALIZED_AUTOS = YES_AGGRESSIVE;
				GCC_WARN_UNUSED_FUNCTION = YES;
				GCC_WARN_UNUSED_VARIABLE = YES;
				IPHONEOS_DEPLOYMENT_TARGET = 11.1;
				MTL_ENABLE_DEBUG_INFO = NO;
				SDKROOT = iphoneos;
				SWIFT_OPTIMIZATION_LEVEL = "-Owholemodule";
				VALIDATE_PRODUCT = YES;
			};
			name = Release;
		};
		25AF45401FC341C1006A859D /* Debug */ = {
			isa = XCBuildConfiguration;
			buildSettings = {
				ASSETCATALOG_COMPILER_APPICON_NAME = AppIcon;
				CODE_SIGN_STYLE = Automatic;
				INFOPLIST_FILE = WorkoutNotebook/Info.plist;
				LD_RUNPATH_SEARCH_PATHS = "$(inherited) @executable_path/Frameworks";
				PRODUCT_BUNDLE_IDENTIFIER = "brew-ops.WorkoutNotebook";
				PRODUCT_NAME = "$(TARGET_NAME)";
				SWIFT_VERSION = 4.0;
				TARGETED_DEVICE_FAMILY = "1,2";
			};
			name = Debug;
		};
		25AF45411FC341C1006A859D /* Release */ = {
			isa = XCBuildConfiguration;
			buildSettings = {
				ASSETCATALOG_COMPILER_APPICON_NAME = AppIcon;
				CODE_SIGN_STYLE = Automatic;
				INFOPLIST_FILE = WorkoutNotebook/Info.plist;
				LD_RUNPATH_SEARCH_PATHS = "$(inherited) @executable_path/Frameworks";
				PRODUCT_BUNDLE_IDENTIFIER = "brew-ops.WorkoutNotebook";
				PRODUCT_NAME = "$(TARGET_NAME)";
				SWIFT_VERSION = 4.0;
				TARGETED_DEVICE_FAMILY = "1,2";
			};
			name = Release;
		};
		25AF45431FC341C1006A859D /* Debug */ = {
			isa = XCBuildConfiguration;
			buildSettings = {
				ALWAYS_EMBED_SWIFT_STANDARD_LIBRARIES = YES;
				BUNDLE_LOADER = "$(TEST_HOST)";
				CODE_SIGN_STYLE = Automatic;
				INFOPLIST_FILE = WorkoutNotebookTests/Info.plist;
				LD_RUNPATH_SEARCH_PATHS = "$(inherited) @executable_path/Frameworks @loader_path/Frameworks";
				PRODUCT_BUNDLE_IDENTIFIER = "brew-ops.WorkoutNotebookTests";
				PRODUCT_NAME = "$(TARGET_NAME)";
				SWIFT_VERSION = 4.0;
				TARGETED_DEVICE_FAMILY = "1,2";
				TEST_HOST = "$(BUILT_PRODUCTS_DIR)/WorkoutNotebook.app/WorkoutNotebook";
			};
			name = Debug;
		};
		25AF45441FC341C1006A859D /* Release */ = {
			isa = XCBuildConfiguration;
			buildSettings = {
				ALWAYS_EMBED_SWIFT_STANDARD_LIBRARIES = YES;
				BUNDLE_LOADER = "$(TEST_HOST)";
				CODE_SIGN_STYLE = Automatic;
				INFOPLIST_FILE = WorkoutNotebookTests/Info.plist;
				LD_RUNPATH_SEARCH_PATHS = "$(inherited) @executable_path/Frameworks @loader_path/Frameworks";
				PRODUCT_BUNDLE_IDENTIFIER = "brew-ops.WorkoutNotebookTests";
				PRODUCT_NAME = "$(TARGET_NAME)";
				SWIFT_VERSION = 4.0;
				TARGETED_DEVICE_FAMILY = "1,2";
				TEST_HOST = "$(BUILT_PRODUCTS_DIR)/WorkoutNotebook.app/WorkoutNotebook";
			};
			name = Release;
		};
		25AF45461FC341C1006A859D /* Debug */ = {
			isa = XCBuildConfiguration;
			buildSettings = {
				ALWAYS_EMBED_SWIFT_STANDARD_LIBRARIES = YES;
				CODE_SIGN_STYLE = Automatic;
				INFOPLIST_FILE = WorkoutNotebookUITests/Info.plist;
				LD_RUNPATH_SEARCH_PATHS = "$(inherited) @executable_path/Frameworks @loader_path/Frameworks";
				PRODUCT_BUNDLE_IDENTIFIER = "brew-ops.WorkoutNotebookUITests";
				PRODUCT_NAME = "$(TARGET_NAME)";
				SWIFT_VERSION = 4.0;
				TARGETED_DEVICE_FAMILY = "1,2";
				TEST_TARGET_NAME = WorkoutNotebook;
			};
			name = Debug;
		};
		25AF45471FC341C1006A859D /* Release */ = {
			isa = XCBuildConfiguration;
			buildSettings = {
				ALWAYS_EMBED_SWIFT_STANDARD_LIBRARIES = YES;
				CODE_SIGN_STYLE = Automatic;
				INFOPLIST_FILE = WorkoutNotebookUITests/Info.plist;
				LD_RUNPATH_SEARCH_PATHS = "$(inherited) @executable_path/Frameworks @loader_path/Frameworks";
				PRODUCT_BUNDLE_IDENTIFIER = "brew-ops.WorkoutNotebookUITests";
				PRODUCT_NAME = "$(TARGET_NAME)";
				SWIFT_VERSION = 4.0;
				TARGETED_DEVICE_FAMILY = "1,2";
				TEST_TARGET_NAME = WorkoutNotebook;
			};
			name = Release;
		};
/* End XCBuildConfiguration section */

/* Begin XCConfigurationList section */
		25AF45121FC341C1006A859D /* Build configuration list for PBXProject "WorkoutNotebook" */ = {
			isa = XCConfigurationList;
			buildConfigurations = (
				25AF453D1FC341C1006A859D /* Debug */,
				25AF453E1FC341C1006A859D /* Release */,
			);
			defaultConfigurationIsVisible = 0;
			defaultConfigurationName = Release;
		};
		25AF453F1FC341C1006A859D /* Build configuration list for PBXNativeTarget "WorkoutNotebook" */ = {
			isa = XCConfigurationList;
			buildConfigurations = (
				25AF45401FC341C1006A859D /* Debug */,
				25AF45411FC341C1006A859D /* Release */,
			);
			defaultConfigurationIsVisible = 0;
			defaultConfigurationName = Release;
		};
		25AF45421FC341C1006A859D /* Build configuration list for PBXNativeTarget "WorkoutNotebookTests" */ = {
			isa = XCConfigurationList;
			buildConfigurations = (
				25AF45431FC341C1006A859D /* Debug */,
				25AF45441FC341C1006A859D /* Release */,
			);
			defaultConfigurationIsVisible = 0;
			defaultConfigurationName = Release;
		};
		25AF45451FC341C1006A859D /* Build configuration list for PBXNativeTarget "WorkoutNotebookUITests" */ = {
			isa = XCConfigurationList;
			buildConfigurations = (
				25AF45461FC341C1006A859D /* Debug */,
				25AF45471FC341C1006A859D /* Release */,
			);
			defaultConfigurationIsVisible = 0;
			defaultConfigurationName = Release;
		};
/* End XCConfigurationList section */
	};
	rootObject = 25AF450F1FC341C1006A859D /* Project object */;
}
